
Microsoft Visual Studio Solution File, Format Version 12.00
# Visual Studio Version 17
VisualStudioVersion = 17.6.33712.159
MinimumVisualStudioVersion = 10.0.40219.1
Project("{FAE04EC0-301F-11D3-BF4B-00C04F79EFBC}") = "ListenEverywhere", "ListenEverywhere\ListenEverywhere.csproj", "{A8F98B5E-4F69-4F27-B8F5-37A78385A1BC}"
EndProject
Global
	GlobalSection(SolutionConfigurationPlatforms) = preSolution
		Debug|Any CPU = Debug|Any CPU
		Release|Any CPU = Release|Any CPU
	EndGlobalSection
	GlobalSection(ProjectConfigurationPlatforms) = postSolution
		{A8F98B5E-4F69-4F27-B8F5-37A78385A1BC}.Debug|Any CPU.ActiveCfg = Debug|Any CPU
		{A8F98B5E-4F69-4F27-B8F5-37A78385A1BC}.Debug|Any CPU.Build.0 = Debug|Any CPU
		{A8F98B5E-4F69-4F27-B8F5-37A78385A1BC}.Release|Any CPU.ActiveCfg = Release|Any CPU
		{A8F98B5E-4F69-4F27-B8F5-37A78385A1BC}.Release|Any CPU.Build.0 = Release|Any CPU
	EndGlobalSection
	GlobalSection(SolutionProperties) = preSolution
		HideSolutionNode = FALSE
	EndGlobalSection
	GlobalSection(ExtensibilityGlobals) = postSolution
		SolutionGuid = {7132544C-A8BA-48CA-9540-745AAB4EC113}
	EndGlobalSection
EndGlobal
